// !$*UTF8*$!
{
	archiveVersion = 1;
	classes = {
	};
	objectVersion = 50;
	objects = {

/* Begin PBXBuildFile section */
		9F5C986F20DD61D700589380 /* makefile in Sources */ = {isa = PBXBuildFile; fileRef = 9F5C986E20DD61D700589380 /* makefile */; };
		9F5C987320E423EA00589380 /* ehvi_multi.cc in Sources */ = {isa = PBXBuildFile; fileRef = 9F5C987020E423E900589380 /* ehvi_multi.cc */; };
		9F5C987420E423EA00589380 /* ehvi_sliceupdate.cc in Sources */ = {isa = PBXBuildFile; fileRef = 9F5C987120E423E900589380 /* ehvi_sliceupdate.cc */; };
		9F7C685620D1627200E49DE1 /* main.cc in Sources */ = {isa = PBXBuildFile; fileRef = 9F7C684120D1626E00E49DE1 /* main.cc */; };
		9F7C685720D1627200E49DE1 /* ehvi_sliceprob.cc in Sources */ = {isa = PBXBuildFile; fileRef = 9F7C684820D1626F00E49DE1 /* ehvi_sliceprob.cc */; };
		9F7C685820D1627200E49DE1 /* ehvi_calculations.cc in Sources */ = {isa = PBXBuildFile; fileRef = 9F7C684B20D1627000E49DE1 /* ehvi_calculations.cc */; };
		9F7C685920D1627200E49DE1 /* ehvi_hvol.cc in Sources */ = {isa = PBXBuildFile; fileRef = 9F7C684E20D1627000E49DE1 /* ehvi_hvol.cc */; };
		9F7C685A20D1627200E49DE1 /* helper.cc in Sources */ = {isa = PBXBuildFile; fileRef = 9F7C685020D1627100E49DE1 /* helper.cc */; };
		9F7C685B20D1627200E49DE1 /* ehvi_montecarlo.cc in Sources */ = {isa = PBXBuildFile; fileRef = 9F7C685220D1627100E49DE1 /* ehvi_montecarlo.cc */; };
		9F7C687920D845E300E49DE1 /* read.c in Sources */ = {isa = PBXBuildFile; fileRef = 9F7C687720D845E300E49DE1 /* read.c */; };
/* End PBXBuildFile section */

/* Begin PBXCopyFilesBuildPhase section */
		9F7C683520D1622800E49DE1 /* CopyFiles */ = {
			isa = PBXCopyFilesBuildPhase;
			buildActionMask = 2147483647;
			dstPath = /usr/share/man/man1/;
			dstSubfolderSpec = 0;
			files = (
			);
			runOnlyForDeploymentPostprocessing = 1;
		};
/* End PBXCopyFilesBuildPhase section */

/* Begin PBXFileReference section */
		9F5C986E20DD61D700589380 /* makefile */ = {isa = PBXFileReference; fileEncoding = 4; lastKnownFileType = sourcecode.make; path = makefile; sourceTree = "<group>"; };
		9F5C987020E423E900589380 /* ehvi_multi.cc */ = {isa = PBXFileReference; fileEncoding = 4; lastKnownFileType = sourcecode.cpp.cpp; path = ehvi_multi.cc; sourceTree = "<group>"; };
		9F5C987120E423E900589380 /* ehvi_sliceupdate.cc */ = {isa = PBXFileReference; fileEncoding = 4; lastKnownFileType = sourcecode.cpp.cpp; path = ehvi_sliceupdate.cc; sourceTree = "<group>"; };
		9F5C987220E423E900589380 /* ehvi_sliceupdate.h */ = {isa = PBXFileReference; fileEncoding = 4; lastKnownFileType = sourcecode.c.h; path = ehvi_sliceupdate.h; sourceTree = "<group>"; };
		9F7C683720D1622800E49DE1 /* EHVI-exp */ = {isa = PBXFileReference; explicitFileType = "compiled.mach-o.executable"; includeInIndex = 0; path = "EHVI-exp"; sourceTree = BUILT_PRODUCTS_DIR; };
		9F7C684120D1626E00E49DE1 /* main.cc */ = {isa = PBXFileReference; fileEncoding = 4; lastKnownFileType = sourcecode.cpp.cpp; path = main.cc; sourceTree = "<group>"; };
		9F7C684320D1626F00E49DE1 /* hdye_3d.mexw64 */ = {isa = PBXFileReference; lastKnownFileType = file; path = hdye_3d.mexw64; sourceTree = "<group>"; };
		9F7C684420D1626F00E49DE1 /* readme20141002 */ = {isa = PBXFileReference; fileEncoding = 4; lastKnownFileType = text; path = readme20141002; sourceTree = "<group>"; };
		9F7C684520D1626F00E49DE1 /* newhelper.h */ = {isa = PBXFileReference; fileEncoding = 4; lastKnownFileType = sourcecode.c.h; path = newhelper.h; sourceTree = "<group>"; };
		9F7C684620D1626F00E49DE1 /* type=3_data_p=10_eval=1_1.txt */ = {isa = PBXFileReference; fileEncoding = 4; lastKnownFileType = text; path = "type=3_data_p=10_eval=1_1.txt"; sourceTree = "<group>"; };
		9F7C684720D1626F00E49DE1 /* EHVI */ = {isa = PBXFileReference; lastKnownFileType = "compiled.mach-o.executable"; path = EHVI; sourceTree = "<group>"; };
		9F7C684820D1626F00E49DE1 /* ehvi_sliceprob.cc */ = {isa = PBXFileReference; fileEncoding = 4; lastKnownFileType = sourcecode.cpp.cpp; path = ehvi_sliceprob.cc; sourceTree = "<group>"; };
		9F7C684B20D1627000E49DE1 /* ehvi_calculations.cc */ = {isa = PBXFileReference; fileEncoding = 4; lastKnownFileType = sourcecode.cpp.cpp; path = ehvi_calculations.cc; sourceTree = "<group>"; };
		9F7C684C20D1627000E49DE1 /* ehvi_hvol.h */ = {isa = PBXFileReference; fileEncoding = 4; lastKnownFileType = sourcecode.c.h; path = ehvi_hvol.h; sourceTree = "<group>"; };
		9F7C684D20D1627000E49DE1 /* ehvi_calculations.h */ = {isa = PBXFileReference; fileEncoding = 4; lastKnownFileType = sourcecode.c.h; path = ehvi_calculations.h; sourceTree = "<group>"; };
		9F7C684E20D1627000E49DE1 /* ehvi_hvol.cc */ = {isa = PBXFileReference; fileEncoding = 4; lastKnownFileType = sourcecode.cpp.cpp; path = ehvi_hvol.cc; sourceTree = "<group>"; };
		9F7C684F20D1627000E49DE1 /* ehvi_multi.h */ = {isa = PBXFileReference; fileEncoding = 4; lastKnownFileType = sourcecode.c.h; path = ehvi_multi.h; sourceTree = "<group>"; };
		9F7C685020D1627100E49DE1 /* helper.cc */ = {isa = PBXFileReference; fileEncoding = 4; lastKnownFileType = sourcecode.cpp.cpp; path = helper.cc; sourceTree = "<group>"; };
		9F7C685120D1627100E49DE1 /* ehvi_consts.h */ = {isa = PBXFileReference; fileEncoding = 4; lastKnownFileType = sourcecode.c.h; path = ehvi_consts.h; sourceTree = "<group>"; };
		9F7C685220D1627100E49DE1 /* ehvi_montecarlo.cc */ = {isa = PBXFileReference; fileEncoding = 4; lastKnownFileType = sourcecode.cpp.cpp; path = ehvi_montecarlo.cc; sourceTree = "<group>"; };
		9F7C685320D1627100E49DE1 /* ehvi_sliceprob.h */ = {isa = PBXFileReference; fileEncoding = 4; lastKnownFileType = sourcecode.c.h; path = ehvi_sliceprob.h; sourceTree = "<group>"; };
		9F7C685420D1627100E49DE1 /* ehvi_montecarlo.h */ = {isa = PBXFileReference; fileEncoding = 4; lastKnownFileType = sourcecode.c.h; path = ehvi_montecarlo.h; sourceTree = "<group>"; };
		9F7C685D20D1655600E49DE1 /* test.txt */ = {isa = PBXFileReference; fileEncoding = 4; lastKnownFileType = text; path = test.txt; sourceTree = "<group>"; };
		9F7C685E20D1685400E49DE1 /* ran.500.txt */ = {isa = PBXFileReference; fileEncoding = 4; lastKnownFileType = text; path = ran.500.txt; sourceTree = "<group>"; };
		9F7C687320D4591B00E49DE1 /* type=3_data_p=10_eval=1000_1.txt */ = {isa = PBXFileReference; fileEncoding = 4; lastKnownFileType = text; path = "type=3_data_p=10_eval=1000_1.txt"; sourceTree = "<group>"; };
		9F7C687620D845E200E49DE1 /* read.h */ = {isa = PBXFileReference; fileEncoding = 4; lastKnownFileType = sourcecode.c.h; path = read.h; sourceTree = "<group>"; };
		9F7C687720D845E300E49DE1 /* read.c */ = {isa = PBXFileReference; fileEncoding = 4; lastKnownFileType = sourcecode.c.c; path = read.c; sourceTree = "<group>"; };
		9F7C687820D845E300E49DE1 /* avl.h */ = {isa = PBXFileReference; fileEncoding = 4; lastKnownFileType = sourcecode.c.h; path = avl.h; sourceTree = "<group>"; };
		9F7C687B20D8A4F100E49DE1 /* ran.50pts.3d.10 */ = {isa = PBXFileReference; fileEncoding = 4; lastKnownFileType = text; path = ran.50pts.3d.10; sourceTree = "<group>"; };
		9F7C687C20D8A4F100E49DE1 /* ran.600pts.3d.10 */ = {isa = PBXFileReference; fileEncoding = 4; lastKnownFileType = text; path = ran.600pts.3d.10; sourceTree = "<group>"; };
		9F7C687D20D8A4F100E49DE1 /* ran.1000pts.3d.10 */ = {isa = PBXFileReference; fileEncoding = 4; lastKnownFileType = text; path = ran.1000pts.3d.10; sourceTree = "<group>"; };
		9F7C687E20D8A4F100E49DE1 /* ran.300pts.3d.10 */ = {isa = PBXFileReference; fileEncoding = 4; lastKnownFileType = text; path = ran.300pts.3d.10; sourceTree = "<group>"; };
		9F7C687F20D8A4F100E49DE1 /* ran.900pts.3d.10 */ = {isa = PBXFileReference; fileEncoding = 4; lastKnownFileType = text; path = ran.900pts.3d.10; sourceTree = "<group>"; };
		9F7C688020D8A4F100E49DE1 /* ran.400pts.3d.10 */ = {isa = PBXFileReference; fileEncoding = 4; lastKnownFileType = text; path = ran.400pts.3d.10; sourceTree = "<group>"; };
		9F7C688120D8A4F100E49DE1 /* ran.250pts.3d.10 */ = {isa = PBXFileReference; fileEncoding = 4; lastKnownFileType = text; path = ran.250pts.3d.10; sourceTree = "<group>"; };
		9F7C688220D8A4F100E49DE1 /* ran.1pts.3d.10 */ = {isa = PBXFileReference; fileEncoding = 4; lastKnownFileType = text; path = ran.1pts.3d.10; sourceTree = "<group>"; };
		9F7C688320D8A4F100E49DE1 /* ran.100pts.3d.10 */ = {isa = PBXFileReference; fileEncoding = 4; lastKnownFileType = text; path = ran.100pts.3d.10; sourceTree = "<group>"; };
		9F7C688420D8A4F100E49DE1 /* parameter1.txt */ = {isa = PBXFileReference; fileEncoding = 4; lastKnownFileType = text; path = parameter1.txt; sourceTree = "<group>"; };
		9F7C688520D8A4F100E49DE1 /* ran.200pts.3d.10 */ = {isa = PBXFileReference; fileEncoding = 4; lastKnownFileType = text; path = ran.200pts.3d.10; sourceTree = "<group>"; };
		9F7C688620D8A4F100E49DE1 /* ran.150pts.3d.10 */ = {isa = PBXFileReference; fileEncoding = 4; lastKnownFileType = text; path = ran.150pts.3d.10; sourceTree = "<group>"; };
		9F7C688720D8A4F100E49DE1 /* ran.40000pts.3d.1 */ = {isa = PBXFileReference; fileEncoding = 4; lastKnownFileType = text.man; path = ran.40000pts.3d.1; sourceTree = "<group>"; };
		9F7C688820D8A4F100E49DE1 /* ran.10pts.3d.10 */ = {isa = PBXFileReference; fileEncoding = 4; lastKnownFileType = text; path = ran.10pts.3d.10; sourceTree = "<group>"; };
		9F7C688920D8A4F100E49DE1 /* ran.40001pts.3d.1 */ = {isa = PBXFileReference; fileEncoding = 4; lastKnownFileType = text.man; path = ran.40001pts.3d.1; sourceTree = "<group>"; };
		9F7C688A20D8A4F100E49DE1 /* ran.700pts.3d.10 */ = {isa = PBXFileReference; fileEncoding = 4; lastKnownFileType = text; path = ran.700pts.3d.10; sourceTree = "<group>"; };
		9F7C688B20D8A4F100E49DE1 /* ran.800pts.3d.10 */ = {isa = PBXFileReference; fileEncoding = 4; lastKnownFileType = text; path = ran.800pts.3d.10; sourceTree = "<group>"; };
		9F7C688C20D8A4F100E49DE1 /* ran.500pts.3d.10 */ = {isa = PBXFileReference; fileEncoding = 4; lastKnownFileType = text; path = ran.500pts.3d.10; sourceTree = "<group>"; };
/* End PBXFileReference section */

/* Begin PBXFrameworksBuildPhase section */
		9F7C683420D1622800E49DE1 /* Frameworks */ = {
			isa = PBXFrameworksBuildPhase;
			buildActionMask = 2147483647;
			files = (
			);
			runOnlyForDeploymentPostprocessing = 0;
		};
/* End PBXFrameworksBuildPhase section */

/* Begin PBXGroup section */
		9F7C682E20D1622800E49DE1 = {
			isa = PBXGroup;
			children = (
				9F5C987020E423E900589380 /* ehvi_multi.cc */,
				9F5C987120E423E900589380 /* ehvi_sliceupdate.cc */,
				9F5C987220E423E900589380 /* ehvi_sliceupdate.h */,
				9F5C986E20DD61D700589380 /* makefile */,
				9F7C687A20D8A4F100E49DE1 /* data */,
				9F7C687820D845E300E49DE1 /* avl.h */,
				9F7C687620D845E200E49DE1 /* read.h */,
				9F7C687720D845E300E49DE1 /* read.c */,
				9F7C685E20D1685400E49DE1 /* ran.500.txt */,
				9F7C685D20D1655600E49DE1 /* test.txt */,
				9F7C684720D1626F00E49DE1 /* EHVI */,
				9F7C684B20D1627000E49DE1 /* ehvi_calculations.cc */,
				9F7C684D20D1627000E49DE1 /* ehvi_calculations.h */,
				9F7C685120D1627100E49DE1 /* ehvi_consts.h */,
				9F7C684E20D1627000E49DE1 /* ehvi_hvol.cc */,
				9F7C684C20D1627000E49DE1 /* ehvi_hvol.h */,
				9F7C685220D1627100E49DE1 /* ehvi_montecarlo.cc */,
				9F7C685420D1627100E49DE1 /* ehvi_montecarlo.h */,
				9F7C684F20D1627000E49DE1 /* ehvi_multi.h */,
				9F7C684820D1626F00E49DE1 /* ehvi_sliceprob.cc */,
				9F7C687320D4591B00E49DE1 /* type=3_data_p=10_eval=1000_1.txt */,
				9F7C685320D1627100E49DE1 /* ehvi_sliceprob.h */,
				9F7C684320D1626F00E49DE1 /* hdye_3d.mexw64 */,
				9F7C685020D1627100E49DE1 /* helper.cc */,
				9F7C684520D1626F00E49DE1 /* newhelper.h */,
				9F7C684120D1626E00E49DE1 /* main.cc */,
				9F7C684420D1626F00E49DE1 /* readme20141002 */,
				9F7C684620D1626F00E49DE1 /* type=3_data_p=10_eval=1_1.txt */,
				9F7C683820D1622800E49DE1 /* Products */,
			);
			sourceTree = "<group>";
		};
		9F7C683820D1622800E49DE1 /* Products */ = {
			isa = PBXGroup;
			children = (
				9F7C683720D1622800E49DE1 /* EHVI-exp */,
			);
			name = Products;
			sourceTree = "<group>";
		};
		9F7C687A20D8A4F100E49DE1 /* data */ = {
			isa = PBXGroup;
			children = (
				9F7C687B20D8A4F100E49DE1 /* ran.50pts.3d.10 */,
				9F7C687C20D8A4F100E49DE1 /* ran.600pts.3d.10 */,
				9F7C687D20D8A4F100E49DE1 /* ran.1000pts.3d.10 */,
				9F7C687E20D8A4F100E49DE1 /* ran.300pts.3d.10 */,
				9F7C687F20D8A4F100E49DE1 /* ran.900pts.3d.10 */,
				9F7C688020D8A4F100E49DE1 /* ran.400pts.3d.10 */,
				9F7C688120D8A4F100E49DE1 /* ran.250pts.3d.10 */,
				9F7C688220D8A4F100E49DE1 /* ran.1pts.3d.10 */,
				9F7C688320D8A4F100E49DE1 /* ran.100pts.3d.10 */,
				9F7C688420D8A4F100E49DE1 /* parameter1.txt */,
				9F7C688520D8A4F100E49DE1 /* ran.200pts.3d.10 */,
				9F7C688620D8A4F100E49DE1 /* ran.150pts.3d.10 */,
				9F7C688720D8A4F100E49DE1 /* ran.40000pts.3d.1 */,
				9F7C688820D8A4F100E49DE1 /* ran.10pts.3d.10 */,
				9F7C688920D8A4F100E49DE1 /* ran.40001pts.3d.1 */,
				9F7C688A20D8A4F100E49DE1 /* ran.700pts.3d.10 */,
				9F7C688B20D8A4F100E49DE1 /* ran.800pts.3d.10 */,
				9F7C688C20D8A4F100E49DE1 /* ran.500pts.3d.10 */,
			);
			name = data;
			path = ../data;
			sourceTree = "<group>";
		};
/* End PBXGroup section */

/* Begin PBXNativeTarget section */
		9F7C683620D1622800E49DE1 /* EHVI-exp */ = {
			isa = PBXNativeTarget;
			buildConfigurationList = 9F7C683E20D1622800E49DE1 /* Build configuration list for PBXNativeTarget "EHVI-exp" */;
			buildPhases = (
				9F7C683320D1622800E49DE1 /* Sources */,
				9F7C683420D1622800E49DE1 /* Frameworks */,
				9F7C683520D1622800E49DE1 /* CopyFiles */,
			);
			buildRules = (
			);
			dependencies = (
			);
			name = "EHVI-exp";
			productName = "EHVI-exp";
			productReference = 9F7C683720D1622800E49DE1 /* EHVI-exp */;
			productType = "com.apple.product-type.tool";
		};
/* End PBXNativeTarget section */

/* Begin PBXProject section */
		9F7C682F20D1622800E49DE1 /* Project object */ = {
			isa = PBXProject;
			attributes = {
				LastUpgradeCheck = 0940;
				ORGANIZATIONNAME = "Guang Zhao";
				TargetAttributes = {
					9F7C683620D1622800E49DE1 = {
						CreatedOnToolsVersion = 9.4;
					};
				};
			};
			buildConfigurationList = 9F7C683220D1622800E49DE1 /* Build configuration list for PBXProject "EHVI-exp" */;
			compatibilityVersion = "Xcode 9.3";
			developmentRegion = en;
			hasScannedForEncodings = 0;
			knownRegions = (
				en,
			);
			mainGroup = 9F7C682E20D1622800E49DE1;
			productRefGroup = 9F7C683820D1622800E49DE1 /* Products */;
			projectDirPath = "";
			projectRoot = "";
			targets = (
				9F7C683620D1622800E49DE1 /* EHVI-exp */,
			);
		};
/* End PBXProject section */

/* Begin PBXSourcesBuildPhase section */
		9F7C683320D1622800E49DE1 /* Sources */ = {
			isa = PBXSourcesBuildPhase;
			buildActionMask = 2147483647;
			files = (
				9F7C685920D1627200E49DE1 /* ehvi_hvol.cc in Sources */,
				9F7C685B20D1627200E49DE1 /* ehvi_montecarlo.cc in Sources */,
				9F7C685620D1627200E49DE1 /* main.cc in Sources */,
				9F5C987420E423EA00589380 /* ehvi_sliceupdate.cc in Sources */,
				9F5C987320E423EA00589380 /* ehvi_multi.cc in Sources */,
				9F7C685820D1627200E49DE1 /* ehvi_calculations.cc in Sources */,
				9F5C986F20DD61D700589380 /* makefile in Sources */,
				9F7C685720D1627200E49DE1 /* ehvi_sliceprob.cc in Sources */,
				9F7C687920D845E300E49DE1 /* read.c in Sources */,
				9F7C685A20D1627200E49DE1 /* helper.cc in Sources */,
			);
			runOnlyForDeploymentPostprocessing = 0;
		};
/* End PBXSourcesBuildPhase section */

/* Begin XCBuildConfiguration section */
		9F7C683C20D1622800E49DE1 /* Debug */ = {
			isa = XCBuildConfiguration;
			buildSettings = {
				ALWAYS_SEARCH_USER_PATHS = NO;
				CLANG_ANALYZER_NONNULL = YES;
				CLANG_ANALYZER_NUMBER_OBJECT_CONVERSION = YES_AGGRESSIVE;
				CLANG_CXX_LANGUAGE_STANDARD = "gnu++14";
				CLANG_CXX_LIBRARY = "libc++";
				CLANG_ENABLE_MODULES = YES;
				CLANG_ENABLE_OBJC_ARC = YES;
				CLANG_ENABLE_OBJC_WEAK = YES;
				CLANG_WARN_BLOCK_CAPTURE_AUTORELEASING = YES;
				CLANG_WARN_BOOL_CONVERSION = YES;
				CLANG_WARN_COMMA = YES;
				CLANG_WARN_CONSTANT_CONVERSION = YES;
				CLANG_WARN_DEPRECATED_OBJC_IMPLEMENTATIONS = YES;
				CLANG_WARN_DIRECT_OBJC_ISA_USAGE = YES_ERROR;
				CLANG_WARN_DOCUMENTATION_COMMENTS = YES;
				CLANG_WARN_EMPTY_BODY = YES;
				CLANG_WARN_ENUM_CONVERSION = YES;
				CLANG_WARN_INFINITE_RECURSION = YES;
				CLANG_WARN_INT_CONVERSION = YES;
				CLANG_WARN_NON_LITERAL_NULL_CONVERSION = YES;
				CLANG_WARN_OBJC_IMPLICIT_RETAIN_SELF = YES;
				CLANG_WARN_OBJC_LITERAL_CONVERSION = YES;
				CLANG_WARN_OBJC_ROOT_CLASS = YES_ERROR;
				CLANG_WARN_RANGE_LOOP_ANALYSIS = YES;
				CLANG_WARN_STRICT_PROTOTYPES = YES;
				CLANG_WARN_SUSPICIOUS_MOVE = YES;
				CLANG_WARN_UNGUARDED_AVAILABILITY = YES_AGGRESSIVE;
				CLANG_WARN_UNREACHABLE_CODE = YES;
				CLANG_WARN__DUPLICATE_METHOD_MATCH = YES;
				CODE_SIGN_IDENTITY = "-";
				COPY_PHASE_STRIP = NO;
				DEBUG_INFORMATION_FORMAT = dwarf;
				ENABLE_STRICT_OBJC_MSGSEND = YES;
				ENABLE_TESTABILITY = YES;
				GCC_C_LANGUAGE_STANDARD = gnu11;
				GCC_DYNAMIC_NO_PIC = NO;
				GCC_NO_COMMON_BLOCKS = YES;
				GCC_OPTIMIZATION_LEVEL = 0;
				GCC_PREPROCESSOR_DEFINITIONS = (
					"DEBUG=1",
					"$(inherited)",
				);
				GCC_WARN_64_TO_32_BIT_CONVERSION = YES;
				GCC_WARN_ABOUT_RETURN_TYPE = YES_ERROR;
				GCC_WARN_UNDECLARED_SELECTOR = YES;
				GCC_WARN_UNINITIALIZED_AUTOS = YES_AGGRESSIVE;
				GCC_WARN_UNUSED_FUNCTION = YES;
				GCC_WARN_UNUSED_VARIABLE = YES;
				MACOSX_DEPLOYMENT_TARGET = 10.13;
				MTL_ENABLE_DEBUG_INFO = YES;
				ONLY_ACTIVE_ARCH = YES;
				SDKROOT = macosx;
			};
			name = Debug;
		};
		9F7C683D20D1622800E49DE1 /* Release */ = {
			isa = XCBuildConfiguration;
			buildSettings = {
				ALWAYS_SEARCH_USER_PATHS = NO;
				CLANG_ANALYZER_NONNULL = YES;
				CLANG_ANALYZER_NUMBER_OBJECT_CONVERSION = YES_AGGRESSIVE;
				CLANG_CXX_LANGUAGE_STANDARD = "gnu++14";
				CLANG_CXX_LIBRARY = "libc++";
				CLANG_ENABLE_MODULES = YES;
				CLANG_ENABLE_OBJC_ARC = YES;
				CLANG_ENABLE_OBJC_WEAK = YES;
				CLANG_WARN_BLOCK_CAPTURE_AUTORELEASING = YES;
				CLANG_WARN_BOOL_CONVERSION = YES;
				CLANG_WARN_COMMA = YES;
				CLANG_WARN_CONSTANT_CONVERSION = YES;
				CLANG_WARN_DEPRECATED_OBJC_IMPLEMENTATIONS = YES;
				CLANG_WARN_DIRECT_OBJC_ISA_USAGE = YES_ERROR;
				CLANG_WARN_DOCUMENTATION_COMMENTS = YES;
				CLANG_WARN_EMPTY_BODY = YES;
				CLANG_WARN_ENUM_CONVERSION = YES;
				CLANG_WARN_INFINITE_RECURSION = YES;
				CLANG_WARN_INT_CONVERSION = YES;
				CLANG_WARN_NON_LITERAL_NULL_CONVERSION = YES;
				CLANG_WARN_OBJC_IMPLICIT_RETAIN_SELF = YES;
				CLANG_WARN_OBJC_LITERAL_CONVERSION = YES;
				CLANG_WARN_OBJC_ROOT_CLASS = YES_ERROR;
				CLANG_WARN_RANGE_LOOP_ANALYSIS = YES;
				CLANG_WARN_STRICT_PROTOTYPES = YES;
				CLANG_WARN_SUSPICIOUS_MOVE = YES;
				CLANG_WARN_UNGUARDED_AVAILABILITY = YES_AGGRESSIVE;
				CLANG_WARN_UNREACHABLE_CODE = YES;
				CLANG_WARN__DUPLICATE_METHOD_MATCH = YES;
				CODE_SIGN_IDENTITY = "-";
				COPY_PHASE_STRIP = NO;
				DEBUG_INFORMATION_FORMAT = "dwarf-with-dsym";
				ENABLE_NS_ASSERTIONS = NO;
				ENABLE_STRICT_OBJC_MSGSEND = YES;
				GCC_C_LANGUAGE_STANDARD = gnu11;
				GCC_NO_COMMON_BLOCKS = YES;
				GCC_WARN_64_TO_32_BIT_CONVERSION = YES;
				GCC_WARN_ABOUT_RETURN_TYPE = YES_ERROR;
				GCC_WARN_UNDECLARED_SELECTOR = YES;
				GCC_WARN_UNINITIALIZED_AUTOS = YES_AGGRESSIVE;
				GCC_WARN_UNUSED_FUNCTION = YES;
				GCC_WARN_UNUSED_VARIABLE = YES;
				MACOSX_DEPLOYMENT_TARGET = 10.13;
				MTL_ENABLE_DEBUG_INFO = NO;
				SDKROOT = macosx;
			};
			name = Release;
		};
		9F7C683F20D1622800E49DE1 /* Debug */ = {
			isa = XCBuildConfiguration;
			buildSettings = {
				CODE_SIGN_STYLE = Automatic;
				PRODUCT_NAME = "$(TARGET_NAME)";
			};
			name = Debug;
		};
		9F7C684020D1622800E49DE1 /* Release */ = {
			isa = XCBuildConfiguration;
			buildSettings = {
				CODE_SIGN_STYLE = Automatic;
				PRODUCT_NAME = "$(TARGET_NAME)";
			};
			name = Release;
		};
/* End XCBuildConfiguration section */

/* Begin XCConfigurationList section */
		9F7C683220D1622800E49DE1 /* Build configuration list for PBXProject "EHVI-exp" */ = {
			isa = XCConfigurationList;
			buildConfigurations = (
				9F7C683C20D1622800E49DE1 /* Debug */,
				9F7C683D20D1622800E49DE1 /* Release */,
			);
			defaultConfigurationIsVisible = 0;
			defaultConfigurationName = Release;
		};
		9F7C683E20D1622800E49DE1 /* Build configuration list for PBXNativeTarget "EHVI-exp" */ = {
			isa = XCConfigurationList;
			buildConfigurations = (
				9F7C683F20D1622800E49DE1 /* Debug */,
				9F7C684020D1622800E49DE1 /* Release */,
			);
			defaultConfigurationIsVisible = 0;
			defaultConfigurationName = Release;
		};
/* End XCConfigurationList section */
	};
	rootObject = 9F7C682F20D1622800E49DE1 /* Project object */;
}
